
Microsoft Visual Studio Solution File, Format Version 12.00
# Visual Studio Version 17
VisualStudioVersion = 17.8.34309.116
MinimumVisualStudioVersion = 10.0.40219.1
Project("{FAE04EC0-301F-11D3-BF4B-00C04F79EFBC}") = "FluentValidationTest", "FluentValidation\FluentValidationTest.csproj", "{95D813FF-3BEE-43C6-B766-D1999FBC8CA4}"
EndProject
Global
	GlobalSection(SolutionConfigurationPlatforms) = preSolution
		Debug|Any CPU = Debug|Any CPU
		Release|Any CPU = Release|Any CPU
	EndGlobalSection
	GlobalSection(ProjectConfigurationPlatforms) = postSolution
		{95D813FF-3BEE-43C6-B766-D1999FBC8CA4}.Debug|Any CPU.ActiveCfg = Debug|Any CPU
		{95D813FF-3BEE-43C6-B766-D1999FBC8CA4}.Debug|Any CPU.Build.0 = Debug|Any CPU
		{95D813FF-3BEE-43C6-B766-D1999FBC8CA4}.Release|Any CPU.ActiveCfg = Release|Any CPU
		{95D813FF-3BEE-43C6-B766-D1999FBC8CA4}.Release|Any CPU.Build.0 = Release|Any CPU
	EndGlobalSection
	GlobalSection(SolutionProperties) = preSolution
		HideSolutionNode = FALSE
	EndGlobalSection
	GlobalSection(ExtensibilityGlobals) = postSolution
		SolutionGuid = {711B00AE-995B-4D30-B56E-CAD86757835A}
	EndGlobalSection
EndGlobal
